
Microsoft Visual Studio Solution File, Format Version 12.00
# Visual Studio Version 17
VisualStudioVersion = 17.5.33502.453
MinimumVisualStudioVersion = 10.0.40219.1
Project("{F2A71F9B-5D33-465A-A702-920D77279786}") = "HomeWork7", "HomeWork7\HomeWork7.fsproj", "{4CB796DE-57D1-426E-BA02-39C7BDBEA0E2}"
EndProject
Global
	GlobalSection(SolutionConfigurationPlatforms) = preSolution
		Debug|Any CPU = Debug|Any CPU
		Release|Any CPU = Release|Any CPU
	EndGlobalSection
	GlobalSection(ProjectConfigurationPlatforms) = postSolution
		{4CB796DE-57D1-426E-BA02-39C7BDBEA0E2}.Debug|Any CPU.ActiveCfg = Debug|Any CPU
		{4CB796DE-57D1-426E-BA02-39C7BDBEA0E2}.Debug|Any CPU.Build.0 = Debug|Any CPU
		{4CB796DE-57D1-426E-BA02-39C7BDBEA0E2}.Release|Any CPU.ActiveCfg = Release|Any CPU
		{4CB796DE-57D1-426E-BA02-39C7BDBEA0E2}.Release|Any CPU.Build.0 = Release|Any CPU
	EndGlobalSection
	GlobalSection(SolutionProperties) = preSolution
		HideSolutionNode = FALSE
	EndGlobalSection
	GlobalSection(ExtensibilityGlobals) = postSolution
		SolutionGuid = {708A95CE-8614-4BF3-8588-4BE3EBA961BB}
	EndGlobalSection
EndGlobal
